lockfileVersion: '9.0'

settings:
  autoInstallPeers: true
  excludeLinksFromLockfile: false

importers:

  .:
    dependencies:
      vue:
        specifier: ^3
        version: 3.5.20(typescript@5.9.2)
    devDependencies:
      '@types/node':
        specifier: ^24.3.0
        version: 24.3.0
      typescript:
        specifier: ^5.9.2
        version: 5.9.2

packages:

  '@babel/helper-string-parser@7.27.1':
    resolution: {integrity: sha512-qMlSxKbpRlAridDExk92nSobyDdpPijUq2DW6oDnUqd0iOGxmQjyqhMIihI9+zv4LPyZdRje2cavWPbCbWm3eA==}
    engines: {node: '>=6.9.0'}

  '@babel/helper-validator-identifier@7.27.1':
    resolution: {integrity: sha512-D2hP9eA+Sqx1kBZgzxZh0y1trbuU+JoDkiEwqhQ36nodYqJwyEIhPSdMNd7lOm/4io72luTPWH20Yda0xOuUow==}
    engines: {node: '>=6.9.0'}

  '@babel/parser@7.28.3':
    resolution: {integrity: sha512-7+Ey1mAgYqFAx2h0RuoxcQT5+MlG3GTV0TQrgr7/ZliKsm/MNDxVVutlWaziMq7wJNAz8MTqz55XLpWvva6StA==}
    engines: {node: '>=6.0.0'}
    hasBin: true

  '@babel/types@7.28.2':
    resolution: {integrity: sha512-ruv7Ae4J5dUYULmeXw1gmb7rYRz57OWCPM57pHojnLq/3Z1CK2lNSLTCVjxVk1F/TZHwOZZrOWi0ur95BbLxNQ==}
    engines: {node: '>=6.9.0'}

  '@jridgewell/sourcemap-codec@1.5.5':
    resolution: {integrity: sha512-cYQ9310grqxueWbl+WuIUIaiUaDcj7WOq5fVhEljNVgRfOUhY9fy2zTvfoqWsnebh8Sl70VScFbICvJnLKB0Og==}

  '@types/node@24.3.0':
    resolution: {integrity: sha512-aPTXCrfwnDLj4VvXrm+UUCQjNEvJgNA8s5F1cvwQU+3KNltTOkBm1j30uNLyqqPNe7gE3KFzImYoZEfLhp4Yow==}

  '@vue/compiler-core@3.5.20':
    resolution: {integrity: sha512-8TWXUyiqFd3GmP4JTX9hbiTFRwYHgVL/vr3cqhr4YQ258+9FADwvj7golk2sWNGHR67QgmCZ8gz80nQcMokhwg==}

  '@vue/compiler-dom@3.5.20':
    resolution: {integrity: sha512-whB44M59XKjqUEYOMPYU0ijUV0G+4fdrHVKDe32abNdX/kJe1NUEMqsi4cwzXa9kyM9w5S8WqFsrfo1ogtBZGQ==}

  '@vue/compiler-sfc@3.5.20':
    resolution: {integrity: sha512-SFcxapQc0/feWiSBfkGsa1v4DOrnMAQSYuvDMpEaxbpH5dKbnEM5KobSNSgU+1MbHCl+9ftm7oQWxvwDB6iBfw==}

  '@vue/compiler-ssr@3.5.20':
    resolution: {integrity: sha512-RSl5XAMc5YFUXpDQi+UQDdVjH9FnEpLDHIALg5J0ITHxkEzJ8uQLlo7CIbjPYqmZtt6w0TsIPbo1izYXwDG7JA==}

  '@vue/reactivity@3.5.20':
    resolution: {integrity: sha512-hS8l8x4cl1fmZpSQX/NXlqWKARqEsNmfkwOIYqtR2F616NGfsLUm0G6FQBK6uDKUCVyi1YOL8Xmt/RkZcd/jYQ==}

  '@vue/runtime-core@3.5.20':
    resolution: {integrity: sha512-vyQRiH5uSZlOa+4I/t4Qw/SsD/gbth0SW2J7oMeVlMFMAmsG1rwDD6ok0VMmjXY3eI0iHNSSOBilEDW98PLRKw==}

  '@vue/runtime-dom@3.5.20':
    resolution: {integrity: sha512-KBHzPld/Djw3im0CQ7tGCpgRedryIn4CcAl047EhFTCCPT2xFf4e8j6WeKLgEEoqPSl9TYqShc3Q6tpWpz/Xgw==}

  '@vue/server-renderer@3.5.20':
    resolution: {integrity: sha512-HthAS0lZJDH21HFJBVNTtx+ULcIbJQRpjSVomVjfyPkFSpCwvsPTA+jIzOaUm3Hrqx36ozBHePztQFg6pj5aKg==}
    peerDependencies:
      vue: 3.5.20

  '@vue/shared@3.5.20':
    resolution: {integrity: sha512-SoRGP596KU/ig6TfgkCMbXkr4YJ91n/QSdMuqeP5r3hVIYA3CPHUBCc7Skak0EAKV+5lL4KyIh61VA/pK1CIAA==}

  csstype@3.1.3:
    resolution: {integrity: sha512-M1uQkMl8rQK/szD0LNhtqxIPLpimGm8sOBwU7lLnCpSbTyY3yeU1Vc7l4KT5zT4s/yOxHH5O7tIuuLOCnLADRw==}

  entities@4.5.0:
    resolution: {integrity: sha512-V0hjH4dGPh9Ao5p0MoRY6BVqtwCjhz6vI5LT8AJ55H+4g9/4vbHx1I54fS0XuclLhDHArPQCiMjDxjaL8fPxhw==}
    engines: {node: '>=0.12'}

  estree-walker@2.0.2:
    resolution: {integrity: sha512-Rfkk/Mp/DL7JVje3u18FxFujQlTNR2q6QfMSMB7AvCBx91NGj/ba3kCfza0f6dVDbw7YlRf/nDrn7pQrCCyQ/w==}

  magic-string@0.30.18:
    resolution: {integrity: sha512-yi8swmWbO17qHhwIBNeeZxTceJMeBvWJaId6dyvTSOwTipqeHhMhOrz6513r1sOKnpvQ7zkhlG8tPrpilwTxHQ==}

  nanoid@3.3.11:
    resolution: {integrity: sha512-N8SpfPUnUp1bK+PMYW8qSWdl9U+wwNWI4QKxOYDy9JAro3WMX7p2OeVRF9v+347pnakNevPmiHhNmZ2HbFA76w==}
    engines: {node: ^10 || ^12 || ^13.7 || ^14 || >=15.0.1}
    hasBin: true

  picocolors@1.1.1:
    resolution: {integrity: sha512-xceH2snhtb5M9liqDsmEw56le376mTZkEX/jEb/RxNFyegNul7eNslCXP9FDj/Lcu0X8KEyMceP2ntpaHrDEVA==}

  postcss@8.5.6:
    resolution: {integrity: sha512-3Ybi1tAuwAP9s0r1UQ2J4n5Y0G05bJkpUIO0/bI9MhwmD70S5aTWbXGBwxHrelT+XM1k6dM0pk+SwNkpTRN7Pg==}
    engines: {node: ^10 || ^12 || >=14}

  source-map-js@1.2.1:
    resolution: {integrity: sha512-UXWMKhLOwVKb728IUtQPXxfYU+usdybtUrK/8uGE8CQMvrhOpwvzDBwj0QhSL7MQc7vIsISBG8VQ8+IDQxpfQA==}
    engines: {node: '>=0.10.0'}

  typescript@5.9.2:
    resolution: {integrity: sha512-CWBzXQrc/qOkhidw1OzBTQuYRbfyxDXJMVJ1XNwUHGROVmuaeiEm3OslpZ1RV96d7SKKjZKrSJu3+t/xlw3R9A==}
    engines: {node: '>=14.17'}
    hasBin: true

  undici-types@7.10.0:
    resolution: {integrity: sha512-t5Fy/nfn+14LuOc2KNYg75vZqClpAiqscVvMygNnlsHBFpSXdJaYtXMcdNLpl/Qvc3P2cB3s6lOV51nqsFq4ag==}

  vue@3.5.20:
    resolution: {integrity: sha512-2sBz0x/wis5TkF1XZ2vH25zWq3G1bFEPOfkBcx2ikowmphoQsPH6X0V3mmPCXA2K1N/XGTnifVyDQP4GfDDeQw==}
    peerDependencies:
      typescript: '*'
    peerDependenciesMeta:
      typescript:
        optional: true

snapshots:

  '@babel/helper-string-parser@7.27.1': {}

  '@babel/helper-validator-identifier@7.27.1': {}

  '@babel/parser@7.28.3':
    dependencies:
      '@babel/types': 7.28.2

  '@babel/types@7.28.2':
    dependencies:
      '@babel/helper-string-parser': 7.27.1
      '@babel/helper-validator-identifier': 7.27.1

  '@jridgewell/sourcemap-codec@1.5.5': {}

  '@types/node@24.3.0':
    dependencies:
      undici-types: 7.10.0

  '@vue/compiler-core@3.5.20':
    dependencies:
      '@babel/parser': 7.28.3
      '@vue/shared': 3.5.20
      entities: 4.5.0
      estree-walker: 2.0.2
      source-map-js: 1.2.1

  '@vue/compiler-dom@3.5.20':
    dependencies:
      '@vue/compiler-core': 3.5.20
      '@vue/shared': 3.5.20

  '@vue/compiler-sfc@3.5.20':
    dependencies:
      '@babel/parser': 7.28.3
      '@vue/compiler-core': 3.5.20
      '@vue/compiler-dom': 3.5.20
      '@vue/compiler-ssr': 3.5.20
      '@vue/shared': 3.5.20
      estree-walker: 2.0.2
      magic-string: 0.30.18
      postcss: 8.5.6
      source-map-js: 1.2.1

  '@vue/compiler-ssr@3.5.20':
    dependencies:
      '@vue/compiler-dom': 3.5.20
      '@vue/shared': 3.5.20

  '@vue/reactivity@3.5.20':
    dependencies:
      '@vue/shared': 3.5.20

  '@vue/runtime-core@3.5.20':
    dependencies:
      '@vue/reactivity': 3.5.20
      '@vue/shared': 3.5.20

  '@vue/runtime-dom@3.5.20':
    dependencies:
      '@vue/reactivity': 3.5.20
      '@vue/runtime-core': 3.5.20
      '@vue/shared': 3.5.20
      csstype: 3.1.3

  '@vue/server-renderer@3.5.20(vue@3.5.20(typescript@5.9.2))':
    dependencies:
      '@vue/compiler-ssr': 3.5.20
      '@vue/shared': 3.5.20
      vue: 3.5.20(typescript@5.9.2)

  '@vue/shared@3.5.20': {}

  csstype@3.1.3: {}

  entities@4.5.0: {}

  estree-walker@2.0.2: {}

  magic-string@0.30.18:
    dependencies:
      '@jridgewell/sourcemap-codec': 1.5.5

  nanoid@3.3.11: {}

  picocolors@1.1.1: {}

  postcss@8.5.6:
    dependencies:
      nanoid: 3.3.11
      picocolors: 1.1.1
      source-map-js: 1.2.1

  source-map-js@1.2.1: {}

  typescript@5.9.2: {}

  undici-types@7.10.0: {}

  vue@3.5.20(typescript@5.9.2):
    dependencies:
      '@vue/compiler-dom': 3.5.20
      '@vue/compiler-sfc': 3.5.20
      '@vue/runtime-dom': 3.5.20
      '@vue/server-renderer': 3.5.20(vue@3.5.20(typescript@5.9.2))
      '@vue/shared': 3.5.20
    optionalDependencies:
      typescript: 5.9.2
